
Microsoft Visual Studio Solution File, Format Version 12.00
# Visual Studio Version 17
VisualStudioVersion = 17.7.34031.279
MinimumVisualStudioVersion = 10.0.40219.1
Project("{FAE04EC0-301F-11D3-BF4B-00C04F79EFBC}") = "SolidPrinciples", "SolidPrinciples.csproj", "{8E74C380-B906-4483-9B4D-85AA2D0A319B}"
EndProject
Global
	GlobalSection(SolutionConfigurationPlatforms) = preSolution
		Debug|Any CPU = Debug|Any CPU
		Release|Any CPU = Release|Any CPU
	EndGlobalSection
	GlobalSection(ProjectConfigurationPlatforms) = postSolution
		{8E74C380-B906-4483-9B4D-85AA2D0A319B}.Debug|Any CPU.ActiveCfg = Debug|Any CPU
		{8E74C380-B906-4483-9B4D-85AA2D0A319B}.Debug|Any CPU.Build.0 = Debug|Any CPU
		{8E74C380-B906-4483-9B4D-85AA2D0A319B}.Release|Any CPU.ActiveCfg = Release|Any CPU
		{8E74C380-B906-4483-9B4D-85AA2D0A319B}.Release|Any CPU.Build.0 = Release|Any CPU
	EndGlobalSection
	GlobalSection(SolutionProperties) = preSolution
		HideSolutionNode = FALSE
	EndGlobalSection
	GlobalSection(ExtensibilityGlobals) = postSolution
		SolutionGuid = {05CAD2A9-388A-4F13-9CFB-722115457534}
	EndGlobalSection
EndGlobal
